// !$*UTF8*$!
{
	archiveVersion = 1;
	classes = {
	};
	objectVersion = 50;
	objects = {

/* Begin PBXBuildFile section */
		7355850D249233D400B0AD9A /* CombatItemDetailView.swift in Sources */ = {isa = PBXBuildFile; fileRef = 7355850C249233D400B0AD9A /* CombatItemDetailView.swift */; };
		737A0272247BDFB1006E9066 /* AppDelegate.swift in Sources */ = {isa = PBXBuildFile; fileRef = 737A0271247BDFB1006E9066 /* AppDelegate.swift */; };
		737A0274247BDFB1006E9066 /* SceneDelegate.swift in Sources */ = {isa = PBXBuildFile; fileRef = 737A0273247BDFB1006E9066 /* SceneDelegate.swift */; };
		737A0277247BDFB1006E9066 /* Dragonling.xcdatamodeld in Sources */ = {isa = PBXBuildFile; fileRef = 737A0275247BDFB1006E9066 /* Dragonling.xcdatamodeld */; };
		737A0279247BDFB1006E9066 /* ContentView.swift in Sources */ = {isa = PBXBuildFile; fileRef = 737A0278247BDFB1006E9066 /* ContentView.swift */; };
		737A027B247BDFB2006E9066 /* Assets.xcassets in Resources */ = {isa = PBXBuildFile; fileRef = 737A027A247BDFB2006E9066 /* Assets.xcassets */; };
		737A027E247BDFB2006E9066 /* Preview Assets.xcassets in Resources */ = {isa = PBXBuildFile; fileRef = 737A027D247BDFB2006E9066 /* Preview Assets.xcassets */; };
		737A0281247BDFB2006E9066 /* LaunchScreen.storyboard in Resources */ = {isa = PBXBuildFile; fileRef = 737A027F247BDFB2006E9066 /* LaunchScreen.storyboard */; };
		737A028C247D259E006E9066 /* CombatItem.swift in Sources */ = {isa = PBXBuildFile; fileRef = 737A028B247D259E006E9066 /* CombatItem.swift */; };
		737A028E247D2796006E9066 /* CombatListViewModel.swift in Sources */ = {isa = PBXBuildFile; fileRef = 737A028D247D2796006E9066 /* CombatListViewModel.swift */; };
		737A0290247D29E5006E9066 /* CombatListCellViewModel.swift in Sources */ = {isa = PBXBuildFile; fileRef = 737A028F247D29E5006E9066 /* CombatListCellViewModel.swift */; };
		73994DAD247E966B000E6E1A /* CombatListView.swift in Sources */ = {isa = PBXBuildFile; fileRef = 73994DAC247E966B000E6E1A /* CombatListView.swift */; };
		73F83ED824854EE300F497EC /* CombatListCell.swift in Sources */ = {isa = PBXBuildFile; fileRef = 73F83ED724854EE300F497EC /* CombatListCell.swift */; };
/* End PBXBuildFile section */

/* Begin PBXFileReference section */
		7355850C249233D400B0AD9A /* CombatItemDetailView.swift */ = {isa = PBXFileReference; lastKnownFileType = sourcecode.swift; path = CombatItemDetailView.swift; sourceTree = "<group>"; };
		737A026E247BDFB1006E9066 /* Dragonling.app */ = {isa = PBXFileReference; explicitFileType = wrapper.application; includeInIndex = 0; path = Dragonling.app; sourceTree = BUILT_PRODUCTS_DIR; };
		737A0271247BDFB1006E9066 /* AppDelegate.swift */ = {isa = PBXFileReference; lastKnownFileType = sourcecode.swift; path = AppDelegate.swift; sourceTree = "<group>"; };
		737A0273247BDFB1006E9066 /* SceneDelegate.swift */ = {isa = PBXFileReference; lastKnownFileType = sourcecode.swift; path = SceneDelegate.swift; sourceTree = "<group>"; };
		737A0276247BDFB1006E9066 /* Dragonling.xcdatamodel */ = {isa = PBXFileReference; lastKnownFileType = wrapper.xcdatamodel; path = Dragonling.xcdatamodel; sourceTree = "<group>"; };
		737A0278247BDFB1006E9066 /* ContentView.swift */ = {isa = PBXFileReference; lastKnownFileType = sourcecode.swift; path = ContentView.swift; sourceTree = "<group>"; };
		737A027A247BDFB2006E9066 /* Assets.xcassets */ = {isa = PBXFileReference; lastKnownFileType = folder.assetcatalog; path = Assets.xcassets; sourceTree = "<group>"; };
		737A027D247BDFB2006E9066 /* Preview Assets.xcassets */ = {isa = PBXFileReference; lastKnownFileType = folder.assetcatalog; path = "Preview Assets.xcassets"; sourceTree = "<group>"; };
		737A0280247BDFB2006E9066 /* Base */ = {isa = PBXFileReference; lastKnownFileType = file.storyboard; name = Base; path = Base.lproj/LaunchScreen.storyboard; sourceTree = "<group>"; };
		737A0282247BDFB2006E9066 /* Info.plist */ = {isa = PBXFileReference; lastKnownFileType = text.plist.xml; path = Info.plist; sourceTree = "<group>"; };
		737A028B247D259E006E9066 /* CombatItem.swift */ = {isa = PBXFileReference; lastKnownFileType = sourcecode.swift; path = CombatItem.swift; sourceTree = "<group>"; };
		737A028D247D2796006E9066 /* CombatListViewModel.swift */ = {isa = PBXFileReference; lastKnownFileType = sourcecode.swift; path = CombatListViewModel.swift; sourceTree = "<group>"; };
		737A028F247D29E5006E9066 /* CombatListCellViewModel.swift */ = {isa = PBXFileReference; lastKnownFileType = sourcecode.swift; path = CombatListCellViewModel.swift; sourceTree = "<group>"; };
		73994DAC247E966B000E6E1A /* CombatListView.swift */ = {isa = PBXFileReference; lastKnownFileType = sourcecode.swift; path = CombatListView.swift; sourceTree = "<group>"; };
		73F83ED724854EE300F497EC /* CombatListCell.swift */ = {isa = PBXFileReference; lastKnownFileType = sourcecode.swift; path = CombatListCell.swift; sourceTree = "<group>"; };
/* End PBXFileReference section */

/* Begin PBXFrameworksBuildPhase section */
		737A026B247BDFB1006E9066 /* Frameworks */ = {
			isa = PBXFrameworksBuildPhase;
			buildActionMask = 2147483647;
			files = (
			);
			runOnlyForDeploymentPostprocessing = 0;
		};
/* End PBXFrameworksBuildPhase section */

/* Begin PBXGroup section */
		737A0265247BDFB1006E9066 = {
			isa = PBXGroup;
			children = (
				737A0270247BDFB1006E9066 /* Dragonling */,
				737A026F247BDFB1006E9066 /* Products */,
			);
			sourceTree = "<group>";
		};
		737A026F247BDFB1006E9066 /* Products */ = {
			isa = PBXGroup;
			children = (
				737A026E247BDFB1006E9066 /* Dragonling.app */,
			);
			name = Products;
			sourceTree = "<group>";
		};
		737A0270247BDFB1006E9066 /* Dragonling */ = {
			isa = PBXGroup;
			children = (
				737A0288247BE822006E9066 /* Views */,
				737A028A247BE836006E9066 /* ViewModels */,
				737A0289247BE82E006E9066 /* Models */,
				737A0271247BDFB1006E9066 /* AppDelegate.swift */,
				737A0273247BDFB1006E9066 /* SceneDelegate.swift */,
				737A027A247BDFB2006E9066 /* Assets.xcassets */,
				737A027F247BDFB2006E9066 /* LaunchScreen.storyboard */,
				737A0282247BDFB2006E9066 /* Info.plist */,
				737A0275247BDFB1006E9066 /* Dragonling.xcdatamodeld */,
				737A027C247BDFB2006E9066 /* Preview Content */,
			);
			path = Dragonling;
			sourceTree = "<group>";
		};
		737A027C247BDFB2006E9066 /* Preview Content */ = {
			isa = PBXGroup;
			children = (
				737A027D247BDFB2006E9066 /* Preview Assets.xcassets */,
			);
			path = "Preview Content";
			sourceTree = "<group>";
		};
		737A0288247BE822006E9066 /* Views */ = {
			isa = PBXGroup;
			children = (
				737A0278247BDFB1006E9066 /* ContentView.swift */,
				73994DAC247E966B000E6E1A /* CombatListView.swift */,
				73F83ED724854EE300F497EC /* CombatListCell.swift */,
				7355850C249233D400B0AD9A /* CombatItemDetailView.swift */,
			);
			path = Views;
			sourceTree = "<group>";
		};
		737A0289247BE82E006E9066 /* Models */ = {
			isa = PBXGroup;
			children = (
				737A028B247D259E006E9066 /* CombatItem.swift */,
			);
			path = Models;
			sourceTree = "<group>";
		};
		737A028A247BE836006E9066 /* ViewModels */ = {
			isa = PBXGroup;
			children = (
				737A028D247D2796006E9066 /* CombatListViewModel.swift */,
				737A028F247D29E5006E9066 /* CombatListCellViewModel.swift */,
			);
			path = ViewModels;
			sourceTree = "<group>";
		};
/* End PBXGroup section */

/* Begin PBXNativeTarget section */
		737A026D247BDFB1006E9066 /* Dragonling */ = {
			isa = PBXNativeTarget;
			buildConfigurationList = 737A0285247BDFB2006E9066 /* Build configuration list for PBXNativeTarget "Dragonling" */;
			buildPhases = (
				737A026A247BDFB1006E9066 /* Sources */,
				737A026B247BDFB1006E9066 /* Frameworks */,
				737A026C247BDFB1006E9066 /* Resources */,
			);
			buildRules = (
			);
			dependencies = (
			);
			name = Dragonling;
			productName = Dragonling;
			productReference = 737A026E247BDFB1006E9066 /* Dragonling.app */;
			productType = "com.apple.product-type.application";
		};
/* End PBXNativeTarget section */

/* Begin PBXProject section */
		737A0266247BDFB1006E9066 /* Project object */ = {
			isa = PBXProject;
			attributes = {
				LastSwiftUpdateCheck = 1140;
				LastUpgradeCheck = 1140;
				ORGANIZATIONNAME = "Filip Cyrus Bober";
				TargetAttributes = {
					737A026D247BDFB1006E9066 = {
						CreatedOnToolsVersion = 11.4.1;
					};
				};
			};
			buildConfigurationList = 737A0269247BDFB1006E9066 /* Build configuration list for PBXProject "Dragonling" */;
			compatibilityVersion = "Xcode 9.3";
			developmentRegion = en;
			hasScannedForEncodings = 0;
			knownRegions = (
				en,
				Base,
			);
			mainGroup = 737A0265247BDFB1006E9066;
			productRefGroup = 737A026F247BDFB1006E9066 /* Products */;
			projectDirPath = "";
			projectRoot = "";
			targets = (
				737A026D247BDFB1006E9066 /* Dragonling */,
			);
		};
/* End PBXProject section */

/* Begin PBXResourcesBuildPhase section */
		737A026C247BDFB1006E9066 /* Resources */ = {
			isa = PBXResourcesBuildPhase;
			buildActionMask = 2147483647;
			files = (
				737A0281247BDFB2006E9066 /* LaunchScreen.storyboard in Resources */,
				737A027E247BDFB2006E9066 /* Preview Assets.xcassets in Resources */,
				737A027B247BDFB2006E9066 /* Assets.xcassets in Resources */,
			);
			runOnlyForDeploymentPostprocessing = 0;
		};
/* End PBXResourcesBuildPhase section */

/* Begin PBXSourcesBuildPhase section */
		737A026A247BDFB1006E9066 /* Sources */ = {
			isa = PBXSourcesBuildPhase;
			buildActionMask = 2147483647;
			files = (
				737A0272247BDFB1006E9066 /* AppDelegate.swift in Sources */,
				737A0277247BDFB1006E9066 /* Dragonling.xcdatamodeld in Sources */,
				737A0290247D29E5006E9066 /* CombatListCellViewModel.swift in Sources */,
				737A0279247BDFB1006E9066 /* ContentView.swift in Sources */,
				73994DAD247E966B000E6E1A /* CombatListView.swift in Sources */,
				73F83ED824854EE300F497EC /* CombatListCell.swift in Sources */,
				737A028C247D259E006E9066 /* CombatItem.swift in Sources */,
				737A028E247D2796006E9066 /* CombatListViewModel.swift in Sources */,
				7355850D249233D400B0AD9A /* CombatItemDetailView.swift in Sources */,
				737A0274247BDFB1006E9066 /* SceneDelegate.swift in Sources */,
			);
			runOnlyForDeploymentPostprocessing = 0;
		};
/* End PBXSourcesBuildPhase section */

/* Begin PBXVariantGroup section */
		737A027F247BDFB2006E9066 /* LaunchScreen.storyboard */ = {
			isa = PBXVariantGroup;
			children = (
				737A0280247BDFB2006E9066 /* Base */,
			);
			name = LaunchScreen.storyboard;
			sourceTree = "<group>";
		};
/* End PBXVariantGroup section */

/* Begin XCBuildConfiguration section */
		737A0283247BDFB2006E9066 /* Debug */ = {
			isa = XCBuildConfiguration;
			buildSettings = {
				ALWAYS_SEARCH_USER_PATHS = NO;
				CLANG_ANALYZER_NONNULL = YES;
				CLANG_ANALYZER_NUMBER_OBJECT_CONVERSION = YES_AGGRESSIVE;
				CLANG_CXX_LANGUAGE_STANDARD = "gnu++14";
				CLANG_CXX_LIBRARY = "libc++";
				CLANG_ENABLE_MODULES = YES;
				CLANG_ENABLE_OBJC_ARC = YES;
				CLANG_ENABLE_OBJC_WEAK = YES;
				CLANG_WARN_BLOCK_CAPTURE_AUTORELEASING = YES;
				CLANG_WARN_BOOL_CONVERSION = YES;
				CLANG_WARN_COMMA = YES;
				CLANG_WARN_CONSTANT_CONVERSION = YES;
				CLANG_WARN_DEPRECATED_OBJC_IMPLEMENTATIONS = YES;
				CLANG_WARN_DIRECT_OBJC_ISA_USAGE = YES_ERROR;
				CLANG_WARN_DOCUMENTATION_COMMENTS = YES;
				CLANG_WARN_EMPTY_BODY = YES;
				CLANG_WARN_ENUM_CONVERSION = YES;
				CLANG_WARN_INFINITE_RECURSION = YES;
				CLANG_WARN_INT_CONVERSION = YES;
				CLANG_WARN_NON_LITERAL_NULL_CONVERSION = YES;
				CLANG_WARN_OBJC_IMPLICIT_RETAIN_SELF = YES;
				CLANG_WARN_OBJC_LITERAL_CONVERSION = YES;
				CLANG_WARN_OBJC_ROOT_CLASS = YES_ERROR;
				CLANG_WARN_RANGE_LOOP_ANALYSIS = YES;
				CLANG_WARN_STRICT_PROTOTYPES = YES;
				CLANG_WARN_SUSPICIOUS_MOVE = YES;
				CLANG_WARN_UNGUARDED_AVAILABILITY = YES_AGGRESSIVE;
				CLANG_WARN_UNREACHABLE_CODE = YES;
				CLANG_WARN__DUPLICATE_METHOD_MATCH = YES;
				COPY_PHASE_STRIP = NO;
				DEBUG_INFORMATION_FORMAT = dwarf;
				ENABLE_STRICT_OBJC_MSGSEND = YES;
				ENABLE_TESTABILITY = YES;
				GCC_C_LANGUAGE_STANDARD = gnu11;
				GCC_DYNAMIC_NO_PIC = NO;
				GCC_NO_COMMON_BLOCKS = YES;
				GCC_OPTIMIZATION_LEVEL = 0;
				GCC_PREPROCESSOR_DEFINITIONS = (
					"DEBUG=1",
					"$(inherited)",
				);
				GCC_WARN_64_TO_32_BIT_CONVERSION = YES;
				GCC_WARN_ABOUT_RETURN_TYPE = YES_ERROR;
				GCC_WARN_UNDECLARED_SELECTOR = YES;
				GCC_WARN_UNINITIALIZED_AUTOS = YES_AGGRESSIVE;
				GCC_WARN_UNUSED_FUNCTION = YES;
				GCC_WARN_UNUSED_VARIABLE = YES;
				IPHONEOS_DEPLOYMENT_TARGET = 13.4;
				MTL_ENABLE_DEBUG_INFO = INCLUDE_SOURCE;
				MTL_FAST_MATH = YES;
				ONLY_ACTIVE_ARCH = YES;
				SDKROOT = iphoneos;
				SWIFT_ACTIVE_COMPILATION_CONDITIONS = DEBUG;
				SWIFT_OPTIMIZATION_LEVEL = "-Onone";
			};
			name = Debug;
		};
		737A0284247BDFB2006E9066 /* Release */ = {
			isa = XCBuildConfiguration;
			buildSettings = {
				ALWAYS_SEARCH_USER_PATHS = NO;
				CLANG_ANALYZER_NONNULL = YES;
				CLANG_ANALYZER_NUMBER_OBJECT_CONVERSION = YES_AGGRESSIVE;
				CLANG_CXX_LANGUAGE_STANDARD = "gnu++14";
				CLANG_CXX_LIBRARY = "libc++";
				CLANG_ENABLE_MODULES = YES;
				CLANG_ENABLE_OBJC_ARC = YES;
				CLANG_ENABLE_OBJC_WEAK = YES;
				CLANG_WARN_BLOCK_CAPTURE_AUTORELEASING = YES;
				CLANG_WARN_BOOL_CONVERSION = YES;
				CLANG_WARN_COMMA = YES;
				CLANG_WARN_CONSTANT_CONVERSION = YES;
				CLANG_WARN_DEPRECATED_OBJC_IMPLEMENTATIONS = YES;
				CLANG_WARN_DIRECT_OBJC_ISA_USAGE = YES_ERROR;
				CLANG_WARN_DOCUMENTATION_COMMENTS = YES;
				CLANG_WARN_EMPTY_BODY = YES;
				CLANG_WARN_ENUM_CONVERSION = YES;
				CLANG_WARN_INFINITE_RECURSION = YES;
				CLANG_WARN_INT_CONVERSION = YES;
				CLANG_WARN_NON_LITERAL_NULL_CONVERSION = YES;
				CLANG_WARN_OBJC_IMPLICIT_RETAIN_SELF = YES;
				CLANG_WARN_OBJC_LITERAL_CONVERSION = YES;
				CLANG_WARN_OBJC_ROOT_CLASS = YES_ERROR;
				CLANG_WARN_RANGE_LOOP_ANALYSIS = YES;
				CLANG_WARN_STRICT_PROTOTYPES = YES;
				CLANG_WARN_SUSPICIOUS_MOVE = YES;
				CLANG_WARN_UNGUARDED_AVAILABILITY = YES_AGGRESSIVE;
				CLANG_WARN_UNREACHABLE_CODE = YES;
				CLANG_WARN__DUPLICATE_METHOD_MATCH = YES;
				COPY_PHASE_STRIP = NO;
				DEBUG_INFORMATION_FORMAT = "dwarf-with-dsym";
				ENABLE_NS_ASSERTIONS = NO;
				ENABLE_STRICT_OBJC_MSGSEND = YES;
				GCC_C_LANGUAGE_STANDARD = gnu11;
				GCC_NO_COMMON_BLOCKS = YES;
				GCC_WARN_64_TO_32_BIT_CONVERSION = YES;
				GCC_WARN_ABOUT_RETURN_TYPE = YES_ERROR;
				GCC_WARN_UNDECLARED_SELECTOR = YES;
				GCC_WARN_UNINITIALIZED_AUTOS = YES_AGGRESSIVE;
				GCC_WARN_UNUSED_FUNCTION = YES;
				GCC_WARN_UNUSED_VARIABLE = YES;
				IPHONEOS_DEPLOYMENT_TARGET = 13.4;
				MTL_ENABLE_DEBUG_INFO = NO;
				MTL_FAST_MATH = YES;
				SDKROOT = iphoneos;
				SWIFT_COMPILATION_MODE = wholemodule;
				SWIFT_OPTIMIZATION_LEVEL = "-O";
				VALIDATE_PRODUCT = YES;
			};
			name = Release;
		};
		737A0286247BDFB2006E9066 /* Debug */ = {
			isa = XCBuildConfiguration;
			buildSettings = {
				ASSETCATALOG_COMPILER_APPICON_NAME = AppIcon;
				CODE_SIGN_STYLE = Automatic;
				DEVELOPMENT_ASSET_PATHS = "\"Dragonling/Preview Content\"";
				DEVELOPMENT_TEAM = 65R8GFFDB8;
				ENABLE_PREVIEWS = YES;
				INFOPLIST_FILE = Dragonling/Info.plist;
				IPHONEOS_DEPLOYMENT_TARGET = 13.5;
				LD_RUNPATH_SEARCH_PATHS = (
					"$(inherited)",
					"@executable_path/Frameworks",
				);
				PRODUCT_BUNDLE_IDENTIFIER = com.filipbober.Dragonling;
				PRODUCT_NAME = "$(TARGET_NAME)";
				SWIFT_VERSION = 5.0;
				TARGETED_DEVICE_FAMILY = "1,2";
			};
			name = Debug;
		};
		737A0287247BDFB2006E9066 /* Release */ = {
			isa = XCBuildConfiguration;
			buildSettings = {
				ASSETCATALOG_COMPILER_APPICON_NAME = AppIcon;
				CODE_SIGN_STYLE = Automatic;
				DEVELOPMENT_ASSET_PATHS = "\"Dragonling/Preview Content\"";
				DEVELOPMENT_TEAM = 65R8GFFDB8;
				ENABLE_PREVIEWS = YES;
				INFOPLIST_FILE = Dragonling/Info.plist;
				IPHONEOS_DEPLOYMENT_TARGET = 13.5;
				LD_RUNPATH_SEARCH_PATHS = (
					"$(inherited)",
					"@executable_path/Frameworks",
				);
				PRODUCT_BUNDLE_IDENTIFIER = com.filipbober.Dragonling;
				PRODUCT_NAME = "$(TARGET_NAME)";
				SWIFT_VERSION = 5.0;
				TARGETED_DEVICE_FAMILY = "1,2";
			};
			name = Release;
		};
/* End XCBuildConfiguration section */

/* Begin XCConfigurationList section */
		737A0269247BDFB1006E9066 /* Build configuration list for PBXProject "Dragonling" */ = {
			isa = XCConfigurationList;
			buildConfigurations = (
				737A0283247BDFB2006E9066 /* Debug */,
				737A0284247BDFB2006E9066 /* Release */,
			);
			defaultConfigurationIsVisible = 0;
			defaultConfigurationName = Release;
		};
		737A0285247BDFB2006E9066 /* Build configuration list for PBXNativeTarget "Dragonling" */ = {
			isa = XCConfigurationList;
			buildConfigurations = (
				737A0286247BDFB2006E9066 /* Debug */,
				737A0287247BDFB2006E9066 /* Release */,
			);
			defaultConfigurationIsVisible = 0;
			defaultConfigurationName = Release;
		};
/* End XCConfigurationList section */

/* Begin XCVersionGroup section */
		737A0275247BDFB1006E9066 /* Dragonling.xcdatamodeld */ = {
			isa = XCVersionGroup;
			children = (
				737A0276247BDFB1006E9066 /* Dragonling.xcdatamodel */,
			);
			currentVersion = 737A0276247BDFB1006E9066 /* Dragonling.xcdatamodel */;
			path = Dragonling.xcdatamodeld;
			sourceTree = "<group>";
			versionGroupType = wrapper.xcdatamodel;
		};
/* End XCVersionGroup section */
	};
	rootObject = 737A0266247BDFB1006E9066 /* Project object */;
}
